{
  "version": 4,
  "terraform_version": "0.12.19",
  "serial": 1,
  "lineage": "cd67d021-2152-ad9c-4f6b-6c56d2cd9e65",
  "outputs": {},
  "resources": [
    {
      "mode": "managed",
      "type": "aws_s3_bucket",
      "name": "terraform_state",
      "provider": "provider.aws",
      "instances": [
        {
          "schema_version": 0,
          "attributes": {
            "acceleration_status": "",
            "acl": null,
            "arn": "arn:aws:s3:::cim-web-state",
            "bucket": "cim-web-state",
            "bucket_domain_name": "cim-web-state.s3.amazonaws.com",
            "bucket_prefix": null,
            "bucket_regional_domain_name": "cim-web-state.s3.amazonaws.com",
            "cors_rule": [],
            "force_destroy": null,
            "hosted_zone_id": "Z3AQBSTGFYJSTF",
            "id": "cim-web-state",
            "lifecycle_rule": [],
            "logging": [],
            "object_lock_configuration": [],
            "policy": null,
            "region": "us-east-1",
            "replication_configuration": [],
            "request_payer": "BucketOwner",
            "server_side_encryption_configuration": [
              {
                "rule": [
                  {
                    "apply_server_side_encryption_by_default": [
                      {
                        "kms_master_key_id": "",
                        "sse_algorithm": "AES256"
                      }
                    ]
                  }
                ]
              }
            ],
            "tags": {},
            "versioning": [
              {
                "enabled": true,
                "mfa_delete": false
              }
            ],
            "website": [],
            "website_domain": null,
            "website_endpoint": null
          },
          "private": "eyJzY2hlbWFfdmVyc2lvbiI6IjAifQ=="
        }
      ]
    }
  ]
}
